
Microsoft Visual Studio Solution File, Format Version 12.00
# Visual Studio Version 17
VisualStudioVersion = 17.14.37012.4 d17.14
MinimumVisualStudioVersion = 10.0.40219.1
Project("{FAE04EC0-301F-11D3-BF4B-00C04F79EFBC}") = "Notepad", "Notepad\Notepad.csproj", "{70715A22-2571-443A-8AD9-D5E21D60EE3E}"
EndProject
Global
	GlobalSection(SolutionConfigurationPlatforms) = preSolution
		Debug|Any CPU = Debug|Any CPU
		Release|Any CPU = Release|Any CPU
	EndGlobalSection
	GlobalSection(ProjectConfigurationPlatforms) = postSolution
		{70715A22-2571-443A-8AD9-D5E21D60EE3E}.Debug|Any CPU.ActiveCfg = Debug|Any CPU
		{70715A22-2571-443A-8AD9-D5E21D60EE3E}.Debug|Any CPU.Build.0 = Debug|Any CPU
		{70715A22-2571-443A-8AD9-D5E21D60EE3E}.Release|Any CPU.ActiveCfg = Release|Any CPU
		{70715A22-2571-443A-8AD9-D5E21D60EE3E}.Release|Any CPU.Build.0 = Release|Any CPU
	EndGlobalSection
	GlobalSection(SolutionProperties) = preSolution
		HideSolutionNode = FALSE
	EndGlobalSection
	GlobalSection(ExtensibilityGlobals) = postSolution
		SolutionGuid = {8446A5B5-5257-426A-BBF4-C7CC30AA3B52}
	EndGlobalSection
EndGlobal
